
Microsoft Visual Studio Solution File, Format Version 12.00
# Visual Studio Version 17
VisualStudioVersion = 17.8.34309.116
MinimumVisualStudioVersion = 10.0.40219.1
Project("{9A19103F-16F7-4668-BE54-9A1E7A4F7556}") = "EnderunYetimEvi", "EnderunYetimEvi.csproj", "{D9CDC8D1-3589-42BE-BC72-5F20F0E1BE0F}"
EndProject
Global
	GlobalSection(SolutionConfigurationPlatforms) = preSolution
		Debug|Any CPU = Debug|Any CPU
		Release|Any CPU = Release|Any CPU
	EndGlobalSection
	GlobalSection(ProjectConfigurationPlatforms) = postSolution
		{D9CDC8D1-3589-42BE-BC72-5F20F0E1BE0F}.Debug|Any CPU.ActiveCfg = Debug|Any CPU
		{D9CDC8D1-3589-42BE-BC72-5F20F0E1BE0F}.Debug|Any CPU.Build.0 = Debug|Any CPU
		{D9CDC8D1-3589-42BE-BC72-5F20F0E1BE0F}.Release|Any CPU.ActiveCfg = Release|Any CPU
		{D9CDC8D1-3589-42BE-BC72-5F20F0E1BE0F}.Release|Any CPU.Build.0 = Release|Any CPU
	EndGlobalSection
	GlobalSection(SolutionProperties) = preSolution
		HideSolutionNode = FALSE
	EndGlobalSection
	GlobalSection(ExtensibilityGlobals) = postSolution
		SolutionGuid = {1E6F1A98-1579-48F8-AB94-0E512B7006DE}
	EndGlobalSection
EndGlobal
